
Microsoft Visual Studio Solution File, Format Version 12.00
# Visual Studio Version 17
VisualStudioVersion = 17.3.32922.545
MinimumVisualStudioVersion = 10.0.40219.1
Project("{8BC9CEB8-8B4A-11D0-8D11-00A0C91BC942}") = "ALL_BUILD", "ALL_BUILD.vcxproj", "{73AE4DCB-9AB1-3436-B15D-5ECB3A3876F8}"
	ProjectSection(ProjectDependencies) = postProject
		{AF8725BF-4EE0-3137-9D92-6B8B9F81ACD2} = {AF8725BF-4EE0-3137-9D92-6B8B9F81ACD2}
		{2E40CABC-2662-3F2C-8757-5043F00B7754} = {2E40CABC-2662-3F2C-8757-5043F00B7754}
		{CAC17A7E-49DF-3B2D-AAD3-6DACD98819E7} = {CAC17A7E-49DF-3B2D-AAD3-6DACD98819E7}
		{8579BC6E-BE38-3D4D-A0C2-DC443070C1B0} = {8579BC6E-BE38-3D4D-A0C2-DC443070C1B0}
		{228C91F1-B7F2-391A-A32B-66B1A4238C9F} = {228C91F1-B7F2-391A-A32B-66B1A4238C9F}
		{9D2424E8-A603-3C78-9A27-944703417E1B} = {9D2424E8-A603-3C78-9A27-944703417E1B}
		{1E2FEA88-E631-3F51-8A68-331699F3E91A} = {1E2FEA88-E631-3F51-8A68-331699F3E91A}
		{B1A1AC3D-14DB-331E-8396-F7D694231288} = {B1A1AC3D-14DB-331E-8396-F7D694231288}
		{C2B5FB4F-74C7-3701-9F6C-BBFFDEC22104} = {C2B5FB4F-74C7-3701-9F6C-BBFFDEC22104}
		{BC8A5AD3-C47D-32DC-B6C9-54D8C5574F02} = {BC8A5AD3-C47D-32DC-B6C9-54D8C5574F02}
		{F62C7C84-AFAB-3457-A68A-80FA2159B4A8} = {F62C7C84-AFAB-3457-A68A-80FA2159B4A8}
		{C09DDE62-BF64-3E4F-8727-EB99833CDE81} = {C09DDE62-BF64-3E4F-8727-EB99833CDE81}
		{1480E231-4EF5-3700-94F0-8FA0A9FD6643} = {1480E231-4EF5-3700-94F0-8FA0A9FD6643}
	EndProjectSection
EndProject
Project("{8BC9CEB8-8B4A-11D0-8D11-00A0C91BC942}") = "INSTALL", "INSTALL.vcxproj", "{5C0F735C-28B1-39F1-9526-82D5B20B9FE3}"
	ProjectSection(ProjectDependencies) = postProject
		{73AE4DCB-9AB1-3436-B15D-5ECB3A3876F8} = {73AE4DCB-9AB1-3436-B15D-5ECB3A3876F8}
		{AF8725BF-4EE0-3137-9D92-6B8B9F81ACD2} = {AF8725BF-4EE0-3137-9D92-6B8B9F81ACD2}
	EndProjectSection
EndProject
Project("{8BC9CEB8-8B4A-11D0-8D11-00A0C91BC942}") = "RUN_TESTS", "RUN_TESTS.vcxproj", "{4F1C0302-9B93-334C-8992-004965FC4C5C}"
	ProjectSection(ProjectDependencies) = postProject
		{AF8725BF-4EE0-3137-9D92-6B8B9F81ACD2} = {AF8725BF-4EE0-3137-9D92-6B8B9F81ACD2}
	EndProjectSection
EndProject
Project("{8BC9CEB8-8B4A-11D0-8D11-00A0C91BC942}") = "ZERO_CHECK", "ZERO_CHECK.vcxproj", "{AF8725BF-4EE0-3137-9D92-6B8B9F81ACD2}"
EndProject
Project("{8BC9CEB8-8B4A-11D0-8D11-00A0C91BC942}") = "check", "check.vcxproj", "{A1774618-AFED-35EF-B3AC-2CC814F7BE76}"
	ProjectSection(ProjectDependencies) = postProject
		{AF8725BF-4EE0-3137-9D92-6B8B9F81ACD2} = {AF8725BF-4EE0-3137-9D92-6B8B9F81ACD2}
		{C09DDE62-BF64-3E4F-8727-EB99833CDE81} = {C09DDE62-BF64-3E4F-8727-EB99833CDE81}
		{1480E231-4EF5-3700-94F0-8FA0A9FD6643} = {1480E231-4EF5-3700-94F0-8FA0A9FD6643}
	EndProjectSection
EndProject
Project("{8BC9CEB8-8B4A-11D0-8D11-00A0C91BC942}") = "gmock", "gmock.vcxproj", "{2E40CABC-2662-3F2C-8757-5043F00B7754}"
	ProjectSection(ProjectDependencies) = postProject
		{AF8725BF-4EE0-3137-9D92-6B8B9F81ACD2} = {AF8725BF-4EE0-3137-9D92-6B8B9F81ACD2}
	EndProjectSection
EndProject
Project("{8BC9CEB8-8B4A-11D0-8D11-00A0C91BC942}") = "gmock_main", "gmock_main.vcxproj", "{CAC17A7E-49DF-3B2D-AAD3-6DACD98819E7}"
	ProjectSection(ProjectDependencies) = postProject
		{AF8725BF-4EE0-3137-9D92-6B8B9F81ACD2} = {AF8725BF-4EE0-3137-9D92-6B8B9F81ACD2}
		{2E40CABC-2662-3F2C-8757-5043F00B7754} = {2E40CABC-2662-3F2C-8757-5043F00B7754}
	EndProjectSection
EndProject
Project("{8BC9CEB8-8B4A-11D0-8D11-00A0C91BC942}") = "libprotobuf", "libprotobuf.vcxproj", "{8579BC6E-BE38-3D4D-A0C2-DC443070C1B0}"
	ProjectSection(ProjectDependencies) = postProject
		{AF8725BF-4EE0-3137-9D92-6B8B9F81ACD2} = {AF8725BF-4EE0-3137-9D92-6B8B9F81ACD2}
	EndProjectSection
EndProject
Project("{8BC9CEB8-8B4A-11D0-8D11-00A0C91BC942}") = "libprotobuf-lite", "libprotobuf-lite.vcxproj", "{228C91F1-B7F2-391A-A32B-66B1A4238C9F}"
	ProjectSection(ProjectDependencies) = postProject
		{AF8725BF-4EE0-3137-9D92-6B8B9F81ACD2} = {AF8725BF-4EE0-3137-9D92-6B8B9F81ACD2}
	EndProjectSection
EndProject
Project("{8BC9CEB8-8B4A-11D0-8D11-00A0C91BC942}") = "libprotoc", "libprotoc.vcxproj", "{9D2424E8-A603-3C78-9A27-944703417E1B}"
	ProjectSection(ProjectDependencies) = postProject
		{AF8725BF-4EE0-3137-9D92-6B8B9F81ACD2} = {AF8725BF-4EE0-3137-9D92-6B8B9F81ACD2}
		{8579BC6E-BE38-3D4D-A0C2-DC443070C1B0} = {8579BC6E-BE38-3D4D-A0C2-DC443070C1B0}
	EndProjectSection
EndProject
Project("{8BC9CEB8-8B4A-11D0-8D11-00A0C91BC942}") = "lite-arena-test", "lite-arena-test.vcxproj", "{1E2FEA88-E631-3F51-8A68-331699F3E91A}"
	ProjectSection(ProjectDependencies) = postProject
		{AF8725BF-4EE0-3137-9D92-6B8B9F81ACD2} = {AF8725BF-4EE0-3137-9D92-6B8B9F81ACD2}
		{2E40CABC-2662-3F2C-8757-5043F00B7754} = {2E40CABC-2662-3F2C-8757-5043F00B7754}
		{CAC17A7E-49DF-3B2D-AAD3-6DACD98819E7} = {CAC17A7E-49DF-3B2D-AAD3-6DACD98819E7}
		{228C91F1-B7F2-391A-A32B-66B1A4238C9F} = {228C91F1-B7F2-391A-A32B-66B1A4238C9F}
		{C2B5FB4F-74C7-3701-9F6C-BBFFDEC22104} = {C2B5FB4F-74C7-3701-9F6C-BBFFDEC22104}
	EndProjectSection
EndProject
Project("{8BC9CEB8-8B4A-11D0-8D11-00A0C91BC942}") = "lite-test", "lite-test.vcxproj", "{B1A1AC3D-14DB-331E-8396-F7D694231288}"
	ProjectSection(ProjectDependencies) = postProject
		{AF8725BF-4EE0-3137-9D92-6B8B9F81ACD2} = {AF8725BF-4EE0-3137-9D92-6B8B9F81ACD2}
		{2E40CABC-2662-3F2C-8757-5043F00B7754} = {2E40CABC-2662-3F2C-8757-5043F00B7754}
		{CAC17A7E-49DF-3B2D-AAD3-6DACD98819E7} = {CAC17A7E-49DF-3B2D-AAD3-6DACD98819E7}
		{228C91F1-B7F2-391A-A32B-66B1A4238C9F} = {228C91F1-B7F2-391A-A32B-66B1A4238C9F}
		{C2B5FB4F-74C7-3701-9F6C-BBFFDEC22104} = {C2B5FB4F-74C7-3701-9F6C-BBFFDEC22104}
	EndProjectSection
EndProject
Project("{8BC9CEB8-8B4A-11D0-8D11-00A0C91BC942}") = "protobuf-lite-test-common", "protobuf-lite-test-common.vcxproj", "{C2B5FB4F-74C7-3701-9F6C-BBFFDEC22104}"
	ProjectSection(ProjectDependencies) = postProject
		{AF8725BF-4EE0-3137-9D92-6B8B9F81ACD2} = {AF8725BF-4EE0-3137-9D92-6B8B9F81ACD2}
		{2E40CABC-2662-3F2C-8757-5043F00B7754} = {2E40CABC-2662-3F2C-8757-5043F00B7754}
		{228C91F1-B7F2-391A-A32B-66B1A4238C9F} = {228C91F1-B7F2-391A-A32B-66B1A4238C9F}
		{F62C7C84-AFAB-3457-A68A-80FA2159B4A8} = {F62C7C84-AFAB-3457-A68A-80FA2159B4A8}
	EndProjectSection
EndProject
Project("{8BC9CEB8-8B4A-11D0-8D11-00A0C91BC942}") = "protobuf-test-common", "protobuf-test-common.vcxproj", "{BC8A5AD3-C47D-32DC-B6C9-54D8C5574F02}"
	ProjectSection(ProjectDependencies) = postProject
		{AF8725BF-4EE0-3137-9D92-6B8B9F81ACD2} = {AF8725BF-4EE0-3137-9D92-6B8B9F81ACD2}
		{2E40CABC-2662-3F2C-8757-5043F00B7754} = {2E40CABC-2662-3F2C-8757-5043F00B7754}
		{8579BC6E-BE38-3D4D-A0C2-DC443070C1B0} = {8579BC6E-BE38-3D4D-A0C2-DC443070C1B0}
		{F62C7C84-AFAB-3457-A68A-80FA2159B4A8} = {F62C7C84-AFAB-3457-A68A-80FA2159B4A8}
	EndProjectSection
EndProject
Project("{8BC9CEB8-8B4A-11D0-8D11-00A0C91BC942}") = "protoc", "protoc.vcxproj", "{F62C7C84-AFAB-3457-A68A-80FA2159B4A8}"
	ProjectSection(ProjectDependencies) = postProject
		{AF8725BF-4EE0-3137-9D92-6B8B9F81ACD2} = {AF8725BF-4EE0-3137-9D92-6B8B9F81ACD2}
		{8579BC6E-BE38-3D4D-A0C2-DC443070C1B0} = {8579BC6E-BE38-3D4D-A0C2-DC443070C1B0}
		{9D2424E8-A603-3C78-9A27-944703417E1B} = {9D2424E8-A603-3C78-9A27-944703417E1B}
	EndProjectSection
EndProject
Project("{8BC9CEB8-8B4A-11D0-8D11-00A0C91BC942}") = "test_plugin", "test_plugin.vcxproj", "{C09DDE62-BF64-3E4F-8727-EB99833CDE81}"
	ProjectSection(ProjectDependencies) = postProject
		{AF8725BF-4EE0-3137-9D92-6B8B9F81ACD2} = {AF8725BF-4EE0-3137-9D92-6B8B9F81ACD2}
		{2E40CABC-2662-3F2C-8757-5043F00B7754} = {2E40CABC-2662-3F2C-8757-5043F00B7754}
		{8579BC6E-BE38-3D4D-A0C2-DC443070C1B0} = {8579BC6E-BE38-3D4D-A0C2-DC443070C1B0}
		{9D2424E8-A603-3C78-9A27-944703417E1B} = {9D2424E8-A603-3C78-9A27-944703417E1B}
	EndProjectSection
EndProject
Project("{8BC9CEB8-8B4A-11D0-8D11-00A0C91BC942}") = "tests", "tests.vcxproj", "{1480E231-4EF5-3700-94F0-8FA0A9FD6643}"
	ProjectSection(ProjectDependencies) = postProject
		{AF8725BF-4EE0-3137-9D92-6B8B9F81ACD2} = {AF8725BF-4EE0-3137-9D92-6B8B9F81ACD2}
		{2E40CABC-2662-3F2C-8757-5043F00B7754} = {2E40CABC-2662-3F2C-8757-5043F00B7754}
		{CAC17A7E-49DF-3B2D-AAD3-6DACD98819E7} = {CAC17A7E-49DF-3B2D-AAD3-6DACD98819E7}
		{8579BC6E-BE38-3D4D-A0C2-DC443070C1B0} = {8579BC6E-BE38-3D4D-A0C2-DC443070C1B0}
		{228C91F1-B7F2-391A-A32B-66B1A4238C9F} = {228C91F1-B7F2-391A-A32B-66B1A4238C9F}
		{9D2424E8-A603-3C78-9A27-944703417E1B} = {9D2424E8-A603-3C78-9A27-944703417E1B}
		{C2B5FB4F-74C7-3701-9F6C-BBFFDEC22104} = {C2B5FB4F-74C7-3701-9F6C-BBFFDEC22104}
		{BC8A5AD3-C47D-32DC-B6C9-54D8C5574F02} = {BC8A5AD3-C47D-32DC-B6C9-54D8C5574F02}
	EndProjectSection
EndProject
Global
	GlobalSection(SolutionConfigurationPlatforms) = preSolution
		Debug|x64 = Debug|x64
		MinSizeRel|x64 = MinSizeRel|x64
		Release|x64 = Release|x64
		RelWithDebInfo|x64 = RelWithDebInfo|x64
	EndGlobalSection
	GlobalSection(ProjectConfigurationPlatforms) = postSolution
		{73AE4DCB-9AB1-3436-B15D-5ECB3A3876F8}.Debug|x64.ActiveCfg = Debug|x64
		{73AE4DCB-9AB1-3436-B15D-5ECB3A3876F8}.Debug|x64.Build.0 = Debug|x64
		{73AE4DCB-9AB1-3436-B15D-5ECB3A3876F8}.MinSizeRel|x64.ActiveCfg = MinSizeRel|x64
		{73AE4DCB-9AB1-3436-B15D-5ECB3A3876F8}.MinSizeRel|x64.Build.0 = MinSizeRel|x64
		{73AE4DCB-9AB1-3436-B15D-5ECB3A3876F8}.Release|x64.ActiveCfg = Release|x64
		{73AE4DCB-9AB1-3436-B15D-5ECB3A3876F8}.Release|x64.Build.0 = Release|x64
		{73AE4DCB-9AB1-3436-B15D-5ECB3A3876F8}.RelWithDebInfo|x64.ActiveCfg = RelWithDebInfo|x64
		{73AE4DCB-9AB1-3436-B15D-5ECB3A3876F8}.RelWithDebInfo|x64.Build.0 = RelWithDebInfo|x64
		{5C0F735C-28B1-39F1-9526-82D5B20B9FE3}.Debug|x64.ActiveCfg = Debug|x64
		{5C0F735C-28B1-39F1-9526-82D5B20B9FE3}.MinSizeRel|x64.ActiveCfg = MinSizeRel|x64
		{5C0F735C-28B1-39F1-9526-82D5B20B9FE3}.Release|x64.ActiveCfg = Release|x64
		{5C0F735C-28B1-39F1-9526-82D5B20B9FE3}.RelWithDebInfo|x64.ActiveCfg = RelWithDebInfo|x64
		{4F1C0302-9B93-334C-8992-004965FC4C5C}.Debug|x64.ActiveCfg = Debug|x64
		{4F1C0302-9B93-334C-8992-004965FC4C5C}.MinSizeRel|x64.ActiveCfg = MinSizeRel|x64
		{4F1C0302-9B93-334C-8992-004965FC4C5C}.Release|x64.ActiveCfg = Release|x64
		{4F1C0302-9B93-334C-8992-004965FC4C5C}.RelWithDebInfo|x64.ActiveCfg = RelWithDebInfo|x64
		{AF8725BF-4EE0-3137-9D92-6B8B9F81ACD2}.Debug|x64.ActiveCfg = Debug|x64
		{AF8725BF-4EE0-3137-9D92-6B8B9F81ACD2}.Debug|x64.Build.0 = Debug|x64
		{AF8725BF-4EE0-3137-9D92-6B8B9F81ACD2}.MinSizeRel|x64.ActiveCfg = MinSizeRel|x64
		{AF8725BF-4EE0-3137-9D92-6B8B9F81ACD2}.MinSizeRel|x64.Build.0 = MinSizeRel|x64
		{AF8725BF-4EE0-3137-9D92-6B8B9F81ACD2}.Release|x64.ActiveCfg = Release|x64
		{AF8725BF-4EE0-3137-9D92-6B8B9F81ACD2}.Release|x64.Build.0 = Release|x64
		{AF8725BF-4EE0-3137-9D92-6B8B9F81ACD2}.RelWithDebInfo|x64.ActiveCfg = RelWithDebInfo|x64
		{AF8725BF-4EE0-3137-9D92-6B8B9F81ACD2}.RelWithDebInfo|x64.Build.0 = RelWithDebInfo|x64
		{A1774618-AFED-35EF-B3AC-2CC814F7BE76}.Debug|x64.ActiveCfg = Debug|x64
		{A1774618-AFED-35EF-B3AC-2CC814F7BE76}.MinSizeRel|x64.ActiveCfg = MinSizeRel|x64
		{A1774618-AFED-35EF-B3AC-2CC814F7BE76}.Release|x64.ActiveCfg = Release|x64
		{A1774618-AFED-35EF-B3AC-2CC814F7BE76}.RelWithDebInfo|x64.ActiveCfg = RelWithDebInfo|x64
		{2E40CABC-2662-3F2C-8757-5043F00B7754}.Debug|x64.ActiveCfg = Debug|x64
		{2E40CABC-2662-3F2C-8757-5043F00B7754}.Debug|x64.Build.0 = Debug|x64
		{2E40CABC-2662-3F2C-8757-5043F00B7754}.MinSizeRel|x64.ActiveCfg = MinSizeRel|x64
		{2E40CABC-2662-3F2C-8757-5043F00B7754}.MinSizeRel|x64.Build.0 = MinSizeRel|x64
		{2E40CABC-2662-3F2C-8757-5043F00B7754}.Release|x64.ActiveCfg = Release|x64
		{2E40CABC-2662-3F2C-8757-5043F00B7754}.Release|x64.Build.0 = Release|x64
		{2E40CABC-2662-3F2C-8757-5043F00B7754}.RelWithDebInfo|x64.ActiveCfg = RelWithDebInfo|x64
		{2E40CABC-2662-3F2C-8757-5043F00B7754}.RelWithDebInfo|x64.Build.0 = RelWithDebInfo|x64
		{CAC17A7E-49DF-3B2D-AAD3-6DACD98819E7}.Debug|x64.ActiveCfg = Debug|x64
		{CAC17A7E-49DF-3B2D-AAD3-6DACD98819E7}.Debug|x64.Build.0 = Debug|x64
		{CAC17A7E-49DF-3B2D-AAD3-6DACD98819E7}.MinSizeRel|x64.ActiveCfg = MinSizeRel|x64
		{CAC17A7E-49DF-3B2D-AAD3-6DACD98819E7}.MinSizeRel|x64.Build.0 = MinSizeRel|x64
		{CAC17A7E-49DF-3B2D-AAD3-6DACD98819E7}.Release|x64.ActiveCfg = Release|x64
		{CAC17A7E-49DF-3B2D-AAD3-6DACD98819E7}.Release|x64.Build.0 = Release|x64
		{CAC17A7E-49DF-3B2D-AAD3-6DACD98819E7}.RelWithDebInfo|x64.ActiveCfg = RelWithDebInfo|x64
		{CAC17A7E-49DF-3B2D-AAD3-6DACD98819E7}.RelWithDebInfo|x64.Build.0 = RelWithDebInfo|x64
		{8579BC6E-BE38-3D4D-A0C2-DC443070C1B0}.Debug|x64.ActiveCfg = Debug|x64
		{8579BC6E-BE38-3D4D-A0C2-DC443070C1B0}.Debug|x64.Build.0 = Debug|x64
		{8579BC6E-BE38-3D4D-A0C2-DC443070C1B0}.MinSizeRel|x64.ActiveCfg = MinSizeRel|x64
		{8579BC6E-BE38-3D4D-A0C2-DC443070C1B0}.MinSizeRel|x64.Build.0 = MinSizeRel|x64
		{8579BC6E-BE38-3D4D-A0C2-DC443070C1B0}.Release|x64.ActiveCfg = Release|x64
		{8579BC6E-BE38-3D4D-A0C2-DC443070C1B0}.Release|x64.Build.0 = Release|x64
		{8579BC6E-BE38-3D4D-A0C2-DC443070C1B0}.RelWithDebInfo|x64.ActiveCfg = RelWithDebInfo|x64
		{8579BC6E-BE38-3D4D-A0C2-DC443070C1B0}.RelWithDebInfo|x64.Build.0 = RelWithDebInfo|x64
		{228C91F1-B7F2-391A-A32B-66B1A4238C9F}.Debug|x64.ActiveCfg = Debug|x64
		{228C91F1-B7F2-391A-A32B-66B1A4238C9F}.Debug|x64.Build.0 = Debug|x64
		{228C91F1-B7F2-391A-A32B-66B1A4238C9F}.MinSizeRel|x64.ActiveCfg = MinSizeRel|x64
		{228C91F1-B7F2-391A-A32B-66B1A4238C9F}.MinSizeRel|x64.Build.0 = MinSizeRel|x64
		{228C91F1-B7F2-391A-A32B-66B1A4238C9F}.Release|x64.ActiveCfg = Release|x64
		{228C91F1-B7F2-391A-A32B-66B1A4238C9F}.Release|x64.Build.0 = Release|x64
		{228C91F1-B7F2-391A-A32B-66B1A4238C9F}.RelWithDebInfo|x64.ActiveCfg = RelWithDebInfo|x64
		{228C91F1-B7F2-391A-A32B-66B1A4238C9F}.RelWithDebInfo|x64.Build.0 = RelWithDebInfo|x64
		{9D2424E8-A603-3C78-9A27-944703417E1B}.Debug|x64.ActiveCfg = Debug|x64
		{9D2424E8-A603-3C78-9A27-944703417E1B}.Debug|x64.Build.0 = Debug|x64
		{9D2424E8-A603-3C78-9A27-944703417E1B}.MinSizeRel|x64.ActiveCfg = MinSizeRel|x64
		{9D2424E8-A603-3C78-9A27-944703417E1B}.MinSizeRel|x64.Build.0 = MinSizeRel|x64
		{9D2424E8-A603-3C78-9A27-944703417E1B}.Release|x64.ActiveCfg = Release|x64
		{9D2424E8-A603-3C78-9A27-944703417E1B}.Release|x64.Build.0 = Release|x64
		{9D2424E8-A603-3C78-9A27-944703417E1B}.RelWithDebInfo|x64.ActiveCfg = RelWithDebInfo|x64
		{9D2424E8-A603-3C78-9A27-944703417E1B}.RelWithDebInfo|x64.Build.0 = RelWithDebInfo|x64
		{1E2FEA88-E631-3F51-8A68-331699F3E91A}.Debug|x64.ActiveCfg = Debug|x64
		{1E2FEA88-E631-3F51-8A68-331699F3E91A}.Debug|x64.Build.0 = Debug|x64
		{1E2FEA88-E631-3F51-8A68-331699F3E91A}.MinSizeRel|x64.ActiveCfg = MinSizeRel|x64
		{1E2FEA88-E631-3F51-8A68-331699F3E91A}.MinSizeRel|x64.Build.0 = MinSizeRel|x64
		{1E2FEA88-E631-3F51-8A68-331699F3E91A}.Release|x64.ActiveCfg = Release|x64
		{1E2FEA88-E631-3F51-8A68-331699F3E91A}.Release|x64.Build.0 = Release|x64
		{1E2FEA88-E631-3F51-8A68-331699F3E91A}.RelWithDebInfo|x64.ActiveCfg = RelWithDebInfo|x64
		{1E2FEA88-E631-3F51-8A68-331699F3E91A}.RelWithDebInfo|x64.Build.0 = RelWithDebInfo|x64
		{B1A1AC3D-14DB-331E-8396-F7D694231288}.Debug|x64.ActiveCfg = Debug|x64
		{B1A1AC3D-14DB-331E-8396-F7D694231288}.Debug|x64.Build.0 = Debug|x64
		{B1A1AC3D-14DB-331E-8396-F7D694231288}.MinSizeRel|x64.ActiveCfg = MinSizeRel|x64
		{B1A1AC3D-14DB-331E-8396-F7D694231288}.MinSizeRel|x64.Build.0 = MinSizeRel|x64
		{B1A1AC3D-14DB-331E-8396-F7D694231288}.Release|x64.ActiveCfg = Release|x64
		{B1A1AC3D-14DB-331E-8396-F7D694231288}.Release|x64.Build.0 = Release|x64
		{B1A1AC3D-14DB-331E-8396-F7D694231288}.RelWithDebInfo|x64.ActiveCfg = RelWithDebInfo|x64
		{B1A1AC3D-14DB-331E-8396-F7D694231288}.RelWithDebInfo|x64.Build.0 = RelWithDebInfo|x64
		{C2B5FB4F-74C7-3701-9F6C-BBFFDEC22104}.Debug|x64.ActiveCfg = Debug|x64
		{C2B5FB4F-74C7-3701-9F6C-BBFFDEC22104}.Debug|x64.Build.0 = Debug|x64
		{C2B5FB4F-74C7-3701-9F6C-BBFFDEC22104}.MinSizeRel|x64.ActiveCfg = MinSizeRel|x64
		{C2B5FB4F-74C7-3701-9F6C-BBFFDEC22104}.MinSizeRel|x64.Build.0 = MinSizeRel|x64
		{C2B5FB4F-74C7-3701-9F6C-BBFFDEC22104}.Release|x64.ActiveCfg = Release|x64
		{C2B5FB4F-74C7-3701-9F6C-BBFFDEC22104}.Release|x64.Build.0 = Release|x64
		{C2B5FB4F-74C7-3701-9F6C-BBFFDEC22104}.RelWithDebInfo|x64.ActiveCfg = RelWithDebInfo|x64
		{C2B5FB4F-74C7-3701-9F6C-BBFFDEC22104}.RelWithDebInfo|x64.Build.0 = RelWithDebInfo|x64
		{BC8A5AD3-C47D-32DC-B6C9-54D8C5574F02}.Debug|x64.ActiveCfg = Debug|x64
		{BC8A5AD3-C47D-32DC-B6C9-54D8C5574F02}.Debug|x64.Build.0 = Debug|x64
		{BC8A5AD3-C47D-32DC-B6C9-54D8C5574F02}.MinSizeRel|x64.ActiveCfg = MinSizeRel|x64
		{BC8A5AD3-C47D-32DC-B6C9-54D8C5574F02}.MinSizeRel|x64.Build.0 = MinSizeRel|x64
		{BC8A5AD3-C47D-32DC-B6C9-54D8C5574F02}.Release|x64.ActiveCfg = Release|x64
		{BC8A5AD3-C47D-32DC-B6C9-54D8C5574F02}.Release|x64.Build.0 = Release|x64
		{BC8A5AD3-C47D-32DC-B6C9-54D8C5574F02}.RelWithDebInfo|x64.ActiveCfg = RelWithDebInfo|x64
		{BC8A5AD3-C47D-32DC-B6C9-54D8C5574F02}.RelWithDebInfo|x64.Build.0 = RelWithDebInfo|x64
		{F62C7C84-AFAB-3457-A68A-80FA2159B4A8}.Debug|x64.ActiveCfg = Debug|x64
		{F62C7C84-AFAB-3457-A68A-80FA2159B4A8}.Debug|x64.Build.0 = Debug|x64
		{F62C7C84-AFAB-3457-A68A-80FA2159B4A8}.MinSizeRel|x64.ActiveCfg = MinSizeRel|x64
		{F62C7C84-AFAB-3457-A68A-80FA2159B4A8}.MinSizeRel|x64.Build.0 = MinSizeRel|x64
		{F62C7C84-AFAB-3457-A68A-80FA2159B4A8}.Release|x64.ActiveCfg = Release|x64
		{F62C7C84-AFAB-3457-A68A-80FA2159B4A8}.Release|x64.Build.0 = Release|x64
		{F62C7C84-AFAB-3457-A68A-80FA2159B4A8}.RelWithDebInfo|x64.ActiveCfg = RelWithDebInfo|x64
		{F62C7C84-AFAB-3457-A68A-80FA2159B4A8}.RelWithDebInfo|x64.Build.0 = RelWithDebInfo|x64
		{C09DDE62-BF64-3E4F-8727-EB99833CDE81}.Debug|x64.ActiveCfg = Debug|x64
		{C09DDE62-BF64-3E4F-8727-EB99833CDE81}.Debug|x64.Build.0 = Debug|x64
		{C09DDE62-BF64-3E4F-8727-EB99833CDE81}.MinSizeRel|x64.ActiveCfg = MinSizeRel|x64
		{C09DDE62-BF64-3E4F-8727-EB99833CDE81}.MinSizeRel|x64.Build.0 = MinSizeRel|x64
		{C09DDE62-BF64-3E4F-8727-EB99833CDE81}.Release|x64.ActiveCfg = Release|x64
		{C09DDE62-BF64-3E4F-8727-EB99833CDE81}.Release|x64.Build.0 = Release|x64
		{C09DDE62-BF64-3E4F-8727-EB99833CDE81}.RelWithDebInfo|x64.ActiveCfg = RelWithDebInfo|x64
		{C09DDE62-BF64-3E4F-8727-EB99833CDE81}.RelWithDebInfo|x64.Build.0 = RelWithDebInfo|x64
		{1480E231-4EF5-3700-94F0-8FA0A9FD6643}.Debug|x64.ActiveCfg = Debug|x64
		{1480E231-4EF5-3700-94F0-8FA0A9FD6643}.Debug|x64.Build.0 = Debug|x64
		{1480E231-4EF5-3700-94F0-8FA0A9FD6643}.MinSizeRel|x64.ActiveCfg = MinSizeRel|x64
		{1480E231-4EF5-3700-94F0-8FA0A9FD6643}.MinSizeRel|x64.Build.0 = MinSizeRel|x64
		{1480E231-4EF5-3700-94F0-8FA0A9FD6643}.Release|x64.ActiveCfg = Release|x64
		{1480E231-4EF5-3700-94F0-8FA0A9FD6643}.Release|x64.Build.0 = Release|x64
		{1480E231-4EF5-3700-94F0-8FA0A9FD6643}.RelWithDebInfo|x64.ActiveCfg = RelWithDebInfo|x64
		{1480E231-4EF5-3700-94F0-8FA0A9FD6643}.RelWithDebInfo|x64.Build.0 = RelWithDebInfo|x64
	EndGlobalSection
	GlobalSection(SolutionProperties) = preSolution
		HideSolutionNode = FALSE
	EndGlobalSection
	GlobalSection(ExtensibilityGlobals) = postSolution
		SolutionGuid = {E3CA9BFA-F8CD-32DB-9877-FADBC991353F}
	EndGlobalSection
EndGlobal
